
Microsoft Visual Studio Solution File, Format Version 12.00
# Visual Studio Version 16
VisualStudioVersion = 16.0.29128.8
MinimumVisualStudioVersion = 10.0.40219.1
Project("{9A19103F-16F7-4668-BE54-9A1E7A4F7556}") = "Microsoft.DotNet.Interactive.XPlot", "Microsoft.DotNet.Interactive.XPlot\Microsoft.DotNet.Interactive.XPlot.csproj", "{16DC7C6E-78EB-4D7E-8149-AE8994B2A38A}"
EndProject
Project("{9A19103F-16F7-4668-BE54-9A1E7A4F7556}") = "XPlot.Extensions", "XPlot.Extensions\XPlot.Extensions.csproj", "{B0DA3CE0-9B39-4826-B5C0-9CB43D3C889A}"
EndProject
Global
	GlobalSection(SolutionConfigurationPlatforms) = preSolution
		Debug|Any CPU = Debug|Any CPU
		Release|Any CPU = Release|Any CPU
	EndGlobalSection
	GlobalSection(ProjectConfigurationPlatforms) = postSolution
		{16DC7C6E-78EB-4D7E-8149-AE8994B2A38A}.Debug|Any CPU.ActiveCfg = Debug|Any CPU
		{16DC7C6E-78EB-4D7E-8149-AE8994B2A38A}.Debug|Any CPU.Build.0 = Debug|Any CPU
		{16DC7C6E-78EB-4D7E-8149-AE8994B2A38A}.Release|Any CPU.ActiveCfg = Release|Any CPU
		{16DC7C6E-78EB-4D7E-8149-AE8994B2A38A}.Release|Any CPU.Build.0 = Release|Any CPU
		{B0DA3CE0-9B39-4826-B5C0-9CB43D3C889A}.Debug|Any CPU.ActiveCfg = Debug|Any CPU
		{B0DA3CE0-9B39-4826-B5C0-9CB43D3C889A}.Debug|Any CPU.Build.0 = Debug|Any CPU
		{B0DA3CE0-9B39-4826-B5C0-9CB43D3C889A}.Release|Any CPU.ActiveCfg = Release|Any CPU
		{B0DA3CE0-9B39-4826-B5C0-9CB43D3C889A}.Release|Any CPU.Build.0 = Release|Any CPU
	EndGlobalSection
	GlobalSection(SolutionProperties) = preSolution
		HideSolutionNode = FALSE
	EndGlobalSection
	GlobalSection(ExtensibilityGlobals) = postSolution
		SolutionGuid = {134EC024-BE47-42D5-AE10-2C395598B319}
	EndGlobalSection
EndGlobal
